
Microsoft Visual Studio Solution File, Format Version 12.00
# Visual Studio 14
VisualStudioVersion = 14.0.25420.1
MinimumVisualStudioVersion = 10.0.40219.1
Project("{FAE04EC0-301F-11D3-BF4B-00C04F79EFBC}") = "HighloadTest", "HighloadTest\HighloadTest.csproj", "{80FA984D-EA35-4B5A-BABD-82E1214C2E08}"
EndProject
Project("{FAE04EC0-301F-11D3-BF4B-00C04F79EFBC}") = "HighloadTest.Tools", "HighloadTest.Tools\HighloadTest.Tools.csproj", "{73613A5E-546E-4678-85B3-FF9CF40F77D8}"
EndProject
Project("{FAE04EC0-301F-11D3-BF4B-00C04F79EFBC}") = "SimpleTest", "SimpleTest\SimpleTest.csproj", "{E89C6318-ACA5-4D39-92B7-49EF68F51036}"
EndProject
Global
	GlobalSection(SolutionConfigurationPlatforms) = preSolution
		Debug|Any CPU = Debug|Any CPU
		Release|Any CPU = Release|Any CPU
	EndGlobalSection
	GlobalSection(ProjectConfigurationPlatforms) = postSolution
		{80FA984D-EA35-4B5A-BABD-82E1214C2E08}.Debug|Any CPU.ActiveCfg = Debug|Any CPU
		{80FA984D-EA35-4B5A-BABD-82E1214C2E08}.Debug|Any CPU.Build.0 = Debug|Any CPU
		{80FA984D-EA35-4B5A-BABD-82E1214C2E08}.Release|Any CPU.ActiveCfg = Release|Any CPU
		{80FA984D-EA35-4B5A-BABD-82E1214C2E08}.Release|Any CPU.Build.0 = Release|Any CPU
		{73613A5E-546E-4678-85B3-FF9CF40F77D8}.Debug|Any CPU.ActiveCfg = Debug|Any CPU
		{73613A5E-546E-4678-85B3-FF9CF40F77D8}.Debug|Any CPU.Build.0 = Debug|Any CPU
		{73613A5E-546E-4678-85B3-FF9CF40F77D8}.Release|Any CPU.ActiveCfg = Release|Any CPU
		{73613A5E-546E-4678-85B3-FF9CF40F77D8}.Release|Any CPU.Build.0 = Release|Any CPU
		{E89C6318-ACA5-4D39-92B7-49EF68F51036}.Debug|Any CPU.ActiveCfg = Debug|Any CPU
		{E89C6318-ACA5-4D39-92B7-49EF68F51036}.Debug|Any CPU.Build.0 = Debug|Any CPU
		{E89C6318-ACA5-4D39-92B7-49EF68F51036}.Release|Any CPU.ActiveCfg = Release|Any CPU
		{E89C6318-ACA5-4D39-92B7-49EF68F51036}.Release|Any CPU.Build.0 = Release|Any CPU
	EndGlobalSection
	GlobalSection(SolutionProperties) = preSolution
		HideSolutionNode = FALSE
	EndGlobalSection
EndGlobal
